PODS:
  - Alamofire (4.9.0)
  - Kingfisher (6.2.1)

DEPENDENCIES:
  - Alamofire (= 4.9)
  - Kingfisher (~> 6.2.1)

SPEC REPOS:
  https://github.com/CocoaPods/Specs.git:
    - Alamofire
  trunk:
    - Kingfisher

SPEC CHECKSUMS:
  Alamofire: afc3e7c6db61476cb45cdd23fed06bad03bbc321
  Kingfisher: e71c6fac2aebb1262888cabc2cb13d313362a48f

PODFILE CHECKSUM: 4f82357f9a5724cde767ce3a08c6bc377c6a6d14

COCOAPODS: 1.10.1
