PODS:
  - Alamofire (5.4.1)
  - Kingfisher (6.2.1)

DEPENDENCIES:
  - Alamofire (~> 5.4.1)
  - Kingfisher (~> 6.2.1)

SPEC REPOS:
  trunk:
    - Alamofire
    - Kingfisher

SPEC CHECKSUMS:
  Alamofire: 2291f7d21ca607c491dd17642e5d40fdcda0e65c
  Kingfisher: e71c6fac2aebb1262888cabc2cb13d313362a48f

PODFILE CHECKSUM: 25fb1d5b8afc58ed4968f3db0327e358fbed168a

COCOAPODS: 1.10.1
